
Microsoft Visual Studio Solution File, Format Version 12.00
# Visual Studio Express 2012 for Windows Desktop
Project("{8BC9CEB8-8B4A-11D0-8D11-00A0C91BC942}") = "TheDragon", "TheDragon\TheDragon.vcxproj", "{CACA97FF-CAED-4F03-A327-6833FB35B4AD}"
EndProject
Global
	GlobalSection(SolutionConfigurationPlatforms) = preSolution
		Debug|Win32 = Debug|Win32
		Release|Win32 = Release|Win32
	EndGlobalSection
	GlobalSection(ProjectConfigurationPlatforms) = postSolution
		{CACA97FF-CAED-4F03-A327-6833FB35B4AD}.Debug|Win32.ActiveCfg = Debug|Win32
		{CACA97FF-CAED-4F03-A327-6833FB35B4AD}.Debug|Win32.Build.0 = Debug|Win32
		{CACA97FF-CAED-4F03-A327-6833FB35B4AD}.Release|Win32.ActiveCfg = Release|Win32
		{CACA97FF-CAED-4F03-A327-6833FB35B4AD}.Release|Win32.Build.0 = Release|Win32
	EndGlobalSection
	GlobalSection(SolutionProperties) = preSolution
		HideSolutionNode = FALSE
	EndGlobalSection
EndGlobal
